// !$*UTF8*$!
{
	archiveVersion = 1;
	classes = {
	};
	objectVersion = 56;
	objects = {

/* Begin PBXBuildFile section */
		30B10AF829110676009F25EA /* AppDelegate.swift in Sources */ = {isa = PBXBuildFile; fileRef = 30B10AF729110676009F25EA /* AppDelegate.swift */; };
		30B10AFA29110676009F25EA /* SceneDelegate.swift in Sources */ = {isa = PBXBuildFile; fileRef = 30B10AF929110676009F25EA /* SceneDelegate.swift */; };
		30B10AFC29110676009F25EA /* ViewController.swift in Sources */ = {isa = PBXBuildFile; fileRef = 30B10AFB29110676009F25EA /* ViewController.swift */; };
		30B10AFF29110676009F25EA /* Main.storyboard in Resources */ = {isa = PBXBuildFile; fileRef = 30B10AFD29110676009F25EA /* Main.storyboard */; };
		30B10B0129110677009F25EA /* Assets.xcassets in Resources */ = {isa = PBXBuildFile; fileRef = 30B10B0029110677009F25EA /* Assets.xcassets */; };
		30B10B0429110677009F25EA /* LaunchScreen.storyboard in Resources */ = {isa = PBXBuildFile; fileRef = 30B10B0229110677009F25EA /* LaunchScreen.storyboard */; };
		30B10B0D291106F4009F25EA /* SpringAnimation in Frameworks */ = {isa = PBXBuildFile; productRef = 30B10B0C291106F4009F25EA /* SpringAnimation */; };
		30B10B1429111724009F25EA /* Animation.swift in Sources */ = {isa = PBXBuildFile; fileRef = 30B10B1329111724009F25EA /* Animation.swift */; };
		30B10B172911180E009F25EA /* DataStore.swift in Sources */ = {isa = PBXBuildFile; fileRef = 30B10B162911180E009F25EA /* DataStore.swift */; };
/* End PBXBuildFile section */

/* Begin PBXFileReference section */
		30B10AF429110676009F25EA /* Homework 3.01.app */ = {isa = PBXFileReference; explicitFileType = wrapper.application; includeInIndex = 0; path = "Homework 3.01.app"; sourceTree = BUILT_PRODUCTS_DIR; };
		30B10AF729110676009F25EA /* AppDelegate.swift */ = {isa = PBXFileReference; lastKnownFileType = sourcecode.swift; path = AppDelegate.swift; sourceTree = "<group>"; };
		30B10AF929110676009F25EA /* SceneDelegate.swift */ = {isa = PBXFileReference; lastKnownFileType = sourcecode.swift; path = SceneDelegate.swift; sourceTree = "<group>"; };
		30B10AFB29110676009F25EA /* ViewController.swift */ = {isa = PBXFileReference; lastKnownFileType = sourcecode.swift; path = ViewController.swift; sourceTree = "<group>"; };
		30B10AFE29110676009F25EA /* Base */ = {isa = PBXFileReference; lastKnownFileType = file.storyboard; name = Base; path = Base.lproj/Main.storyboard; sourceTree = "<group>"; };
		30B10B0029110677009F25EA /* Assets.xcassets */ = {isa = PBXFileReference; lastKnownFileType = folder.assetcatalog; path = Assets.xcassets; sourceTree = "<group>"; };
		30B10B0329110677009F25EA /* Base */ = {isa = PBXFileReference; lastKnownFileType = file.storyboard; name = Base; path = Base.lproj/LaunchScreen.storyboard; sourceTree = "<group>"; };
		30B10B0529110677009F25EA /* Info.plist */ = {isa = PBXFileReference; lastKnownFileType = text.plist.xml; path = Info.plist; sourceTree = "<group>"; };
		30B10B1329111724009F25EA /* Animation.swift */ = {isa = PBXFileReference; lastKnownFileType = sourcecode.swift; path = Animation.swift; sourceTree = "<group>"; };
		30B10B162911180E009F25EA /* DataStore.swift */ = {isa = PBXFileReference; lastKnownFileType = sourcecode.swift; path = DataStore.swift; sourceTree = "<group>"; };
/* End PBXFileReference section */

/* Begin PBXFrameworksBuildPhase section */
		30B10AF129110676009F25EA /* Frameworks */ = {
			isa = PBXFrameworksBuildPhase;
			buildActionMask = 2147483647;
			files = (
				30B10B0D291106F4009F25EA /* SpringAnimation in Frameworks */,
			);
			runOnlyForDeploymentPostprocessing = 0;
		};
/* End PBXFrameworksBuildPhase section */

/* Begin PBXGroup section */
		30B10AEB29110676009F25EA = {
			isa = PBXGroup;
			children = (
				30B10AF629110676009F25EA /* Homework 3.01 */,
				30B10AF529110676009F25EA /* Products */,
			);
			sourceTree = "<group>";
		};
		30B10AF529110676009F25EA /* Products */ = {
			isa = PBXGroup;
			children = (
				30B10AF429110676009F25EA /* Homework 3.01.app */,
			);
			name = Products;
			sourceTree = "<group>";
		};
		30B10AF629110676009F25EA /* Homework 3.01 */ = {
			isa = PBXGroup;
			children = (
				30B10B1229110D76009F25EA /* Models */,
				30B10B0E29110D35009F25EA /* ViewControllers */,
				30B10B15291117DE009F25EA /* Services */,
				30B10B1029110D58009F25EA /* Storyboards */,
				30B10B0F29110D45009F25EA /* Supporting Files */,
				30B10B1129110D61009F25EA /* Sources */,
			);
			path = "Homework 3.01";
			sourceTree = "<group>";
		};
		30B10B0E29110D35009F25EA /* ViewControllers */ = {
			isa = PBXGroup;
			children = (
				30B10AFB29110676009F25EA /* ViewController.swift */,
			);
			path = ViewControllers;
			sourceTree = "<group>";
		};
		30B10B0F29110D45009F25EA /* Supporting Files */ = {
			isa = PBXGroup;
			children = (
				30B10AF729110676009F25EA /* AppDelegate.swift */,
				30B10AF929110676009F25EA /* SceneDelegate.swift */,
				30B10B0529110677009F25EA /* Info.plist */,
			);
			path = "Supporting Files";
			sourceTree = "<group>";
		};
		30B10B1029110D58009F25EA /* Storyboards */ = {
			isa = PBXGroup;
			children = (
				30B10AFD29110676009F25EA /* Main.storyboard */,
				30B10B0229110677009F25EA /* LaunchScreen.storyboard */,
			);
			path = Storyboards;
			sourceTree = "<group>";
		};
		30B10B1129110D61009F25EA /* Sources */ = {
			isa = PBXGroup;
			children = (
				30B10B0029110677009F25EA /* Assets.xcassets */,
			);
			path = Sources;
			sourceTree = "<group>";
		};
		30B10B1229110D76009F25EA /* Models */ = {
			isa = PBXGroup;
			children = (
				30B10B1329111724009F25EA /* Animation.swift */,
			);
			path = Models;
			sourceTree = "<group>";
		};
		30B10B15291117DE009F25EA /* Services */ = {
			isa = PBXGroup;
			children = (
				30B10B162911180E009F25EA /* DataStore.swift */,
			);
			path = Services;
			sourceTree = "<group>";
		};
/* End PBXGroup section */

/* Begin PBXNativeTarget section */
		30B10AF329110676009F25EA /* Homework 3.01 */ = {
			isa = PBXNativeTarget;
			buildConfigurationList = 30B10B0829110677009F25EA /* Build configuration list for PBXNativeTarget "Homework 3.01" */;
			buildPhases = (
				30B10AF029110676009F25EA /* Sources */,
				30B10AF129110676009F25EA /* Frameworks */,
				30B10AF229110676009F25EA /* Resources */,
			);
			buildRules = (
			);
			dependencies = (
			);
			name = "Homework 3.01";
			packageProductDependencies = (
				30B10B0C291106F4009F25EA /* SpringAnimation */,
			);
			productName = "Homework 3.01";
			productReference = 30B10AF429110676009F25EA /* Homework 3.01.app */;
			productType = "com.apple.product-type.application";
		};
/* End PBXNativeTarget section */

/* Begin PBXProject section */
		30B10AEC29110676009F25EA /* Project object */ = {
			isa = PBXProject;
			attributes = {
				BuildIndependentTargetsInParallel = 1;
				LastSwiftUpdateCheck = 1400;
				LastUpgradeCheck = 1400;
				TargetAttributes = {
					30B10AF329110676009F25EA = {
						CreatedOnToolsVersion = 14.0.1;
					};
				};
			};
			buildConfigurationList = 30B10AEF29110676009F25EA /* Build configuration list for PBXProject "Homework 3.01" */;
			compatibilityVersion = "Xcode 14.0";
			developmentRegion = en;
			hasScannedForEncodings = 0;
			knownRegions = (
				en,
				Base,
			);
			mainGroup = 30B10AEB29110676009F25EA;
			packageReferences = (
				30B10B0B291106F4009F25EA /* XCRemoteSwiftPackageReference "SpringAnimation" */,
			);
			productRefGroup = 30B10AF529110676009F25EA /* Products */;
			projectDirPath = "";
			projectRoot = "";
			targets = (
				30B10AF329110676009F25EA /* Homework 3.01 */,
			);
		};
/* End PBXProject section */

/* Begin PBXResourcesBuildPhase section */
		30B10AF229110676009F25EA /* Resources */ = {
			isa = PBXResourcesBuildPhase;
			buildActionMask = 2147483647;
			files = (
				30B10B0429110677009F25EA /* LaunchScreen.storyboard in Resources */,
				30B10B0129110677009F25EA /* Assets.xcassets in Resources */,
				30B10AFF29110676009F25EA /* Main.storyboard in Resources */,
			);
			runOnlyForDeploymentPostprocessing = 0;
		};
/* End PBXResourcesBuildPhase section */

/* Begin PBXSourcesBuildPhase section */
		30B10AF029110676009F25EA /* Sources */ = {
			isa = PBXSourcesBuildPhase;
			buildActionMask = 2147483647;
			files = (
				30B10AFC29110676009F25EA /* ViewController.swift in Sources */,
				30B10AF829110676009F25EA /* AppDelegate.swift in Sources */,
				30B10B172911180E009F25EA /* DataStore.swift in Sources */,
				30B10B1429111724009F25EA /* Animation.swift in Sources */,
				30B10AFA29110676009F25EA /* SceneDelegate.swift in Sources */,
			);
			runOnlyForDeploymentPostprocessing = 0;
		};
/* End PBXSourcesBuildPhase section */

/* Begin PBXVariantGroup section */
		30B10AFD29110676009F25EA /* Main.storyboard */ = {
			isa = PBXVariantGroup;
			children = (
				30B10AFE29110676009F25EA /* Base */,
			);
			name = Main.storyboard;
			sourceTree = "<group>";
		};
		30B10B0229110677009F25EA /* LaunchScreen.storyboard */ = {
			isa = PBXVariantGroup;
			children = (
				30B10B0329110677009F25EA /* Base */,
			);
			name = LaunchScreen.storyboard;
			sourceTree = "<group>";
		};
/* End PBXVariantGroup section */

/* Begin XCBuildConfiguration section */
		30B10B0629110677009F25EA /* Debug */ = {
			isa = XCBuildConfiguration;
			buildSettings = {
				ALWAYS_SEARCH_USER_PATHS = NO;
				CLANG_ANALYZER_NONNULL = YES;
				CLANG_ANALYZER_NUMBER_OBJECT_CONVERSION = YES_AGGRESSIVE;
				CLANG_CXX_LANGUAGE_STANDARD = "gnu++20";
				CLANG_ENABLE_MODULES = YES;
				CLANG_ENABLE_OBJC_ARC = YES;
				CLANG_ENABLE_OBJC_WEAK = YES;
				CLANG_WARN_BLOCK_CAPTURE_AUTORELEASING = YES;
				CLANG_WARN_BOOL_CONVERSION = YES;
				CLANG_WARN_COMMA = YES;
				CLANG_WARN_CONSTANT_CONVERSION = YES;
				CLANG_WARN_DEPRECATED_OBJC_IMPLEMENTATIONS = YES;
				CLANG_WARN_DIRECT_OBJC_ISA_USAGE = YES_ERROR;
				CLANG_WARN_DOCUMENTATION_COMMENTS = YES;
				CLANG_WARN_EMPTY_BODY = YES;
				CLANG_WARN_ENUM_CONVERSION = YES;
				CLANG_WARN_INFINITE_RECURSION = YES;
				CLANG_WARN_INT_CONVERSION = YES;
				CLANG_WARN_NON_LITERAL_NULL_CONVERSION = YES;
				CLANG_WARN_OBJC_IMPLICIT_RETAIN_SELF = YES;
				CLANG_WARN_OBJC_LITERAL_CONVERSION = YES;
				CLANG_WARN_OBJC_ROOT_CLASS = YES_ERROR;
				CLANG_WARN_QUOTED_INCLUDE_IN_FRAMEWORK_HEADER = YES;
				CLANG_WARN_RANGE_LOOP_ANALYSIS = YES;
				CLANG_WARN_STRICT_PROTOTYPES = YES;
				CLANG_WARN_SUSPICIOUS_MOVE = YES;
				CLANG_WARN_UNGUARDED_AVAILABILITY = YES_AGGRESSIVE;
				CLANG_WARN_UNREACHABLE_CODE = YES;
				CLANG_WARN__DUPLICATE_METHOD_MATCH = YES;
				COPY_PHASE_STRIP = NO;
				DEBUG_INFORMATION_FORMAT = dwarf;
				ENABLE_STRICT_OBJC_MSGSEND = YES;
				ENABLE_TESTABILITY = YES;
				GCC_C_LANGUAGE_STANDARD = gnu11;
				GCC_DYNAMIC_NO_PIC = NO;
				GCC_NO_COMMON_BLOCKS = YES;
				GCC_OPTIMIZATION_LEVEL = 0;
				GCC_PREPROCESSOR_DEFINITIONS = (
					"DEBUG=1",
					"$(inherited)",
				);
				GCC_WARN_64_TO_32_BIT_CONVERSION = YES;
				GCC_WARN_ABOUT_RETURN_TYPE = YES_ERROR;
				GCC_WARN_UNDECLARED_SELECTOR = YES;
				GCC_WARN_UNINITIALIZED_AUTOS = YES_AGGRESSIVE;
				GCC_WARN_UNUSED_FUNCTION = YES;
				GCC_WARN_UNUSED_VARIABLE = YES;
				IPHONEOS_DEPLOYMENT_TARGET = 16.0;
				MTL_ENABLE_DEBUG_INFO = INCLUDE_SOURCE;
				MTL_FAST_MATH = YES;
				ONLY_ACTIVE_ARCH = YES;
				SDKROOT = iphoneos;
				SWIFT_ACTIVE_COMPILATION_CONDITIONS = DEBUG;
				SWIFT_OPTIMIZATION_LEVEL = "-Onone";
			};
			name = Debug;
		};
		30B10B0729110677009F25EA /* Release */ = {
			isa = XCBuildConfiguration;
			buildSettings = {
				ALWAYS_SEARCH_USER_PATHS = NO;
				CLANG_ANALYZER_NONNULL = YES;
				CLANG_ANALYZER_NUMBER_OBJECT_CONVERSION = YES_AGGRESSIVE;
				CLANG_CXX_LANGUAGE_STANDARD = "gnu++20";
				CLANG_ENABLE_MODULES = YES;
				CLANG_ENABLE_OBJC_ARC = YES;
				CLANG_ENABLE_OBJC_WEAK = YES;
				CLANG_WARN_BLOCK_CAPTURE_AUTORELEASING = YES;
				CLANG_WARN_BOOL_CONVERSION = YES;
				CLANG_WARN_COMMA = YES;
				CLANG_WARN_CONSTANT_CONVERSION = YES;
				CLANG_WARN_DEPRECATED_OBJC_IMPLEMENTATIONS = YES;
				CLANG_WARN_DIRECT_OBJC_ISA_USAGE = YES_ERROR;
				CLANG_WARN_DOCUMENTATION_COMMENTS = YES;
				CLANG_WARN_EMPTY_BODY = YES;
				CLANG_WARN_ENUM_CONVERSION = YES;
				CLANG_WARN_INFINITE_RECURSION = YES;
				CLANG_WARN_INT_CONVERSION = YES;
				CLANG_WARN_NON_LITERAL_NULL_CONVERSION = YES;
				CLANG_WARN_OBJC_IMPLICIT_RETAIN_SELF = YES;
				CLANG_WARN_OBJC_LITERAL_CONVERSION = YES;
				CLANG_WARN_OBJC_ROOT_CLASS = YES_ERROR;
				CLANG_WARN_QUOTED_INCLUDE_IN_FRAMEWORK_HEADER = YES;
				CLANG_WARN_RANGE_LOOP_ANALYSIS = YES;
				CLANG_WARN_STRICT_PROTOTYPES = YES;
				CLANG_WARN_SUSPICIOUS_MOVE = YES;
				CLANG_WARN_UNGUARDED_AVAILABILITY = YES_AGGRESSIVE;
				CLANG_WARN_UNREACHABLE_CODE = YES;
				CLANG_WARN__DUPLICATE_METHOD_MATCH = YES;
				COPY_PHASE_STRIP = NO;
				DEBUG_INFORMATION_FORMAT = "dwarf-with-dsym";
				ENABLE_NS_ASSERTIONS = NO;
				ENABLE_STRICT_OBJC_MSGSEND = YES;
				GCC_C_LANGUAGE_STANDARD = gnu11;
				GCC_NO_COMMON_BLOCKS = YES;
				GCC_WARN_64_TO_32_BIT_CONVERSION = YES;
				GCC_WARN_ABOUT_RETURN_TYPE = YES_ERROR;
				GCC_WARN_UNDECLARED_SELECTOR = YES;
				GCC_WARN_UNINITIALIZED_AUTOS = YES_AGGRESSIVE;
				GCC_WARN_UNUSED_FUNCTION = YES;
				GCC_WARN_UNUSED_VARIABLE = YES;
				IPHONEOS_DEPLOYMENT_TARGET = 16.0;
				MTL_ENABLE_DEBUG_INFO = NO;
				MTL_FAST_MATH = YES;
				SDKROOT = iphoneos;
				SWIFT_COMPILATION_MODE = wholemodule;
				SWIFT_OPTIMIZATION_LEVEL = "-O";
				VALIDATE_PRODUCT = YES;
			};
			name = Release;
		};
		30B10B0929110677009F25EA /* Debug */ = {
			isa = XCBuildConfiguration;
			buildSettings = {
				ASSETCATALOG_COMPILER_APPICON_NAME = AppIcon;
				ASSETCATALOG_COMPILER_GLOBAL_ACCENT_COLOR_NAME = AccentColor;
				CODE_SIGN_STYLE = Automatic;
				CURRENT_PROJECT_VERSION = 1;
				DEVELOPMENT_TEAM = 46T9YD5R9W;
				GENERATE_INFOPLIST_FILE = YES;
				INFOPLIST_FILE = "Homework 3.01/Supporting Files/Info.plist";
				INFOPLIST_KEY_UIApplicationSupportsIndirectInputEvents = YES;
				INFOPLIST_KEY_UILaunchStoryboardName = LaunchScreen;
				INFOPLIST_KEY_UIMainStoryboardFile = Main;
				INFOPLIST_KEY_UISupportedInterfaceOrientations = UIInterfaceOrientationPortrait;
				INFOPLIST_KEY_UISupportedInterfaceOrientations_iPad = "UIInterfaceOrientationLandscapeLeft UIInterfaceOrientationLandscapeRight UIInterfaceOrientationPortrait UIInterfaceOrientationPortraitUpsideDown";
				IPHONEOS_DEPLOYMENT_TARGET = 15.5;
				LD_RUNPATH_SEARCH_PATHS = (
					"$(inherited)",
					"@executable_path/Frameworks",
				);
				MARKETING_VERSION = 1.0;
				PRODUCT_BUNDLE_IDENTIFIER = "Swiftbook.Homework-3-01";
				PRODUCT_NAME = "$(TARGET_NAME)";
				SUPPORTED_PLATFORMS = "iphoneos iphonesimulator";
				SUPPORTS_MACCATALYST = NO;
				SUPPORTS_MAC_DESIGNED_FOR_IPHONE_IPAD = NO;
				SWIFT_EMIT_LOC_STRINGS = YES;
				SWIFT_VERSION = 5.0;
				TARGETED_DEVICE_FAMILY = 1;
			};
			name = Debug;
		};
		30B10B0A29110677009F25EA /* Release */ = {
			isa = XCBuildConfiguration;
			buildSettings = {
				ASSETCATALOG_COMPILER_APPICON_NAME = AppIcon;
				ASSETCATALOG_COMPILER_GLOBAL_ACCENT_COLOR_NAME = AccentColor;
				CODE_SIGN_STYLE = Automatic;
				CURRENT_PROJECT_VERSION = 1;
				DEVELOPMENT_TEAM = 46T9YD5R9W;
				GENERATE_INFOPLIST_FILE = YES;
				INFOPLIST_FILE = "Homework 3.01/Supporting Files/Info.plist";
				INFOPLIST_KEY_UIApplicationSupportsIndirectInputEvents = YES;
				INFOPLIST_KEY_UILaunchStoryboardName = LaunchScreen;
				INFOPLIST_KEY_UIMainStoryboardFile = Main;
				INFOPLIST_KEY_UISupportedInterfaceOrientations = UIInterfaceOrientationPortrait;
				INFOPLIST_KEY_UISupportedInterfaceOrientations_iPad = "UIInterfaceOrientationLandscapeLeft UIInterfaceOrientationLandscapeRight UIInterfaceOrientationPortrait UIInterfaceOrientationPortraitUpsideDown";
				IPHONEOS_DEPLOYMENT_TARGET = 15.5;
				LD_RUNPATH_SEARCH_PATHS = (
					"$(inherited)",
					"@executable_path/Frameworks",
				);
				MARKETING_VERSION = 1.0;
				PRODUCT_BUNDLE_IDENTIFIER = "Swiftbook.Homework-3-01";
				PRODUCT_NAME = "$(TARGET_NAME)";
				SUPPORTED_PLATFORMS = "iphoneos iphonesimulator";
				SUPPORTS_MACCATALYST = NO;
				SUPPORTS_MAC_DESIGNED_FOR_IPHONE_IPAD = NO;
				SWIFT_EMIT_LOC_STRINGS = YES;
				SWIFT_VERSION = 5.0;
				TARGETED_DEVICE_FAMILY = 1;
			};
			name = Release;
		};
/* End XCBuildConfiguration section */

/* Begin XCConfigurationList section */
		30B10AEF29110676009F25EA /* Build configuration list for PBXProject "Homework 3.01" */ = {
			isa = XCConfigurationList;
			buildConfigurations = (
				30B10B0629110677009F25EA /* Debug */,
				30B10B0729110677009F25EA /* Release */,
			);
			defaultConfigurationIsVisible = 0;
			defaultConfigurationName = Release;
		};
		30B10B0829110677009F25EA /* Build configuration list for PBXNativeTarget "Homework 3.01" */ = {
			isa = XCConfigurationList;
			buildConfigurations = (
				30B10B0929110677009F25EA /* Debug */,
				30B10B0A29110677009F25EA /* Release */,
			);
			defaultConfigurationIsVisible = 0;
			defaultConfigurationName = Release;
		};
/* End XCConfigurationList section */

/* Begin XCRemoteSwiftPackageReference section */
		30B10B0B291106F4009F25EA /* XCRemoteSwiftPackageReference "SpringAnimation" */ = {
			isa = XCRemoteSwiftPackageReference;
			repositoryURL = "https://github.com/LexDeBash/SpringAnimation.git";
			requirement = {
				kind = upToNextMajorVersion;
				minimumVersion = 0.3.0;
			};
		};
/* End XCRemoteSwiftPackageReference section */

/* Begin XCSwiftPackageProductDependency section */
		30B10B0C291106F4009F25EA /* SpringAnimation */ = {
			isa = XCSwiftPackageProductDependency;
			package = 30B10B0B291106F4009F25EA /* XCRemoteSwiftPackageReference "SpringAnimation" */;
			productName = SpringAnimation;
		};
/* End XCSwiftPackageProductDependency section */
	};
	rootObject = 30B10AEC29110676009F25EA /* Project object */;
}
